
Microsoft Visual Studio Solution File, Format Version 12.00
# Visual Studio Version 17
VisualStudioVersion = 17.8.34112.27
MinimumVisualStudioVersion = 10.0.40219.1
Project("{FAE04EC0-301F-11D3-BF4B-00C04F79EFBC}") = "OnlineShopNV", "OnlineShopNV.csproj", "{CF64AD8C-0FFD-4974-970A-1FBE126CBC2B}"
EndProject
Global
	GlobalSection(SolutionConfigurationPlatforms) = preSolution
		Debug|Any CPU = Debug|Any CPU
		Release|Any CPU = Release|Any CPU
	EndGlobalSection
	GlobalSection(ProjectConfigurationPlatforms) = postSolution
		{CF64AD8C-0FFD-4974-970A-1FBE126CBC2B}.Debug|Any CPU.ActiveCfg = Debug|Any CPU
		{CF64AD8C-0FFD-4974-970A-1FBE126CBC2B}.Debug|Any CPU.Build.0 = Debug|Any CPU
		{CF64AD8C-0FFD-4974-970A-1FBE126CBC2B}.Release|Any CPU.ActiveCfg = Release|Any CPU
		{CF64AD8C-0FFD-4974-970A-1FBE126CBC2B}.Release|Any CPU.Build.0 = Release|Any CPU
	EndGlobalSection
	GlobalSection(SolutionProperties) = preSolution
		HideSolutionNode = FALSE
	EndGlobalSection
	GlobalSection(ExtensibilityGlobals) = postSolution
		SolutionGuid = {5DC3D15A-4B0F-4F55-BB08-49C1E347A081}
	EndGlobalSection
EndGlobal
